// !$*UTF8*$!
{
	archiveVersion = 1;
	classes = {
	};
	objectVersion = 50;
	objects = {

/* Begin PBXBuildFile section */
		EC77192F241EEDEE00C44EE0 /* AppDelegate.swift in Sources */ = {isa = PBXBuildFile; fileRef = EC77192E241EEDEE00C44EE0 /* AppDelegate.swift */; };
		EC771931241EEDEE00C44EE0 /* SceneDelegate.swift in Sources */ = {isa = PBXBuildFile; fileRef = EC771930241EEDEE00C44EE0 /* SceneDelegate.swift */; };
		EC771934241EEDEE00C44EE0 /* worldFlags.xcdatamodeld in Sources */ = {isa = PBXBuildFile; fileRef = EC771932241EEDEE00C44EE0 /* worldFlags.xcdatamodeld */; };
		EC771936241EEDEE00C44EE0 /* ContentView.swift in Sources */ = {isa = PBXBuildFile; fileRef = EC771935241EEDEE00C44EE0 /* ContentView.swift */; };
		EC771938241EEDF100C44EE0 /* Assets.xcassets in Resources */ = {isa = PBXBuildFile; fileRef = EC771937241EEDF100C44EE0 /* Assets.xcassets */; };
		EC77193B241EEDF100C44EE0 /* Preview Assets.xcassets in Resources */ = {isa = PBXBuildFile; fileRef = EC77193A241EEDF100C44EE0 /* Preview Assets.xcassets */; };
		EC77193E241EEDF100C44EE0 /* LaunchScreen.storyboard in Resources */ = {isa = PBXBuildFile; fileRef = EC77193C241EEDF100C44EE0 /* LaunchScreen.storyboard */; };
/* End PBXBuildFile section */

/* Begin PBXFileReference section */
		EC77192B241EEDEE00C44EE0 /* worldFlags.app */ = {isa = PBXFileReference; explicitFileType = wrapper.application; includeInIndex = 0; path = worldFlags.app; sourceTree = BUILT_PRODUCTS_DIR; };
		EC77192E241EEDEE00C44EE0 /* AppDelegate.swift */ = {isa = PBXFileReference; lastKnownFileType = sourcecode.swift; path = AppDelegate.swift; sourceTree = "<group>"; };
		EC771930241EEDEE00C44EE0 /* SceneDelegate.swift */ = {isa = PBXFileReference; lastKnownFileType = sourcecode.swift; path = SceneDelegate.swift; sourceTree = "<group>"; };
		EC771933241EEDEE00C44EE0 /* worldFlags.xcdatamodel */ = {isa = PBXFileReference; lastKnownFileType = wrapper.xcdatamodel; path = worldFlags.xcdatamodel; sourceTree = "<group>"; };
		EC771935241EEDEE00C44EE0 /* ContentView.swift */ = {isa = PBXFileReference; lastKnownFileType = sourcecode.swift; path = ContentView.swift; sourceTree = "<group>"; };
		EC771937241EEDF100C44EE0 /* Assets.xcassets */ = {isa = PBXFileReference; lastKnownFileType = folder.assetcatalog; path = Assets.xcassets; sourceTree = "<group>"; };
		EC77193A241EEDF100C44EE0 /* Preview Assets.xcassets */ = {isa = PBXFileReference; lastKnownFileType = folder.assetcatalog; path = "Preview Assets.xcassets"; sourceTree = "<group>"; };
		EC77193D241EEDF100C44EE0 /* Base */ = {isa = PBXFileReference; lastKnownFileType = file.storyboard; name = Base; path = Base.lproj/LaunchScreen.storyboard; sourceTree = "<group>"; };
		EC77193F241EEDF100C44EE0 /* Info.plist */ = {isa = PBXFileReference; lastKnownFileType = text.plist.xml; path = Info.plist; sourceTree = "<group>"; };
/* End PBXFileReference section */

/* Begin PBXFrameworksBuildPhase section */
		EC771928241EEDEE00C44EE0 /* Frameworks */ = {
			isa = PBXFrameworksBuildPhase;
			buildActionMask = 2147483647;
			files = (
			);
			runOnlyForDeploymentPostprocessing = 0;
		};
/* End PBXFrameworksBuildPhase section */

/* Begin PBXGroup section */
		EC771922241EEDEE00C44EE0 = {
			isa = PBXGroup;
			children = (
				EC77192D241EEDEE00C44EE0 /* worldFlags */,
				EC77192C241EEDEE00C44EE0 /* Products */,
			);
			sourceTree = "<group>";
		};
		EC77192C241EEDEE00C44EE0 /* Products */ = {
			isa = PBXGroup;
			children = (
				EC77192B241EEDEE00C44EE0 /* worldFlags.app */,
			);
			name = Products;
			sourceTree = "<group>";
		};
		EC77192D241EEDEE00C44EE0 /* worldFlags */ = {
			isa = PBXGroup;
			children = (
				EC77192E241EEDEE00C44EE0 /* AppDelegate.swift */,
				EC771930241EEDEE00C44EE0 /* SceneDelegate.swift */,
				EC771935241EEDEE00C44EE0 /* ContentView.swift */,
				EC771937241EEDF100C44EE0 /* Assets.xcassets */,
				EC77193C241EEDF100C44EE0 /* LaunchScreen.storyboard */,
				EC77193F241EEDF100C44EE0 /* Info.plist */,
				EC771932241EEDEE00C44EE0 /* worldFlags.xcdatamodeld */,
				EC771939241EEDF100C44EE0 /* Preview Content */,
			);
			path = worldFlags;
			sourceTree = "<group>";
		};
		EC771939241EEDF100C44EE0 /* Preview Content */ = {
			isa = PBXGroup;
			children = (
				EC77193A241EEDF100C44EE0 /* Preview Assets.xcassets */,
			);
			path = "Preview Content";
			sourceTree = "<group>";
		};
/* End PBXGroup section */

/* Begin PBXNativeTarget section */
		EC77192A241EEDEE00C44EE0 /* worldFlags */ = {
			isa = PBXNativeTarget;
			buildConfigurationList = EC771942241EEDF100C44EE0 /* Build configuration list for PBXNativeTarget "worldFlags" */;
			buildPhases = (
				EC771927241EEDEE00C44EE0 /* Sources */,
				EC771928241EEDEE00C44EE0 /* Frameworks */,
				EC771929241EEDEE00C44EE0 /* Resources */,
			);
			buildRules = (
			);
			dependencies = (
			);
			name = worldFlags;
			productName = worldFlags;
			productReference = EC77192B241EEDEE00C44EE0 /* worldFlags.app */;
			productType = "com.apple.product-type.application";
		};
/* End PBXNativeTarget section */

/* Begin PBXProject section */
		EC771923241EEDEE00C44EE0 /* Project object */ = {
			isa = PBXProject;
			attributes = {
				LastSwiftUpdateCheck = 1130;
				LastUpgradeCheck = 1130;
				ORGANIZATIONNAME = keiren;
				TargetAttributes = {
					EC77192A241EEDEE00C44EE0 = {
						CreatedOnToolsVersion = 11.3;
					};
				};
			};
			buildConfigurationList = EC771926241EEDEE00C44EE0 /* Build configuration list for PBXProject "worldFlags" */;
			compatibilityVersion = "Xcode 9.3";
			developmentRegion = en;
			hasScannedForEncodings = 0;
			knownRegions = (
				en,
				Base,
			);
			mainGroup = EC771922241EEDEE00C44EE0;
			productRefGroup = EC77192C241EEDEE00C44EE0 /* Products */;
			projectDirPath = "";
			projectRoot = "";
			targets = (
				EC77192A241EEDEE00C44EE0 /* worldFlags */,
			);
		};
/* End PBXProject section */

/* Begin PBXResourcesBuildPhase section */
		EC771929241EEDEE00C44EE0 /* Resources */ = {
			isa = PBXResourcesBuildPhase;
			buildActionMask = 2147483647;
			files = (
				EC77193E241EEDF100C44EE0 /* LaunchScreen.storyboard in Resources */,
				EC77193B241EEDF100C44EE0 /* Preview Assets.xcassets in Resources */,
				EC771938241EEDF100C44EE0 /* Assets.xcassets in Resources */,
			);
			runOnlyForDeploymentPostprocessing = 0;
		};
/* End PBXResourcesBuildPhase section */

/* Begin PBXSourcesBuildPhase section */
		EC771927241EEDEE00C44EE0 /* Sources */ = {
			isa = PBXSourcesBuildPhase;
			buildActionMask = 2147483647;
			files = (
				EC771934241EEDEE00C44EE0 /* worldFlags.xcdatamodeld in Sources */,
				EC77192F241EEDEE00C44EE0 /* AppDelegate.swift in Sources */,
				EC771936241EEDEE00C44EE0 /* ContentView.swift in Sources */,
				EC771931241EEDEE00C44EE0 /* SceneDelegate.swift in Sources */,
			);
			runOnlyForDeploymentPostprocessing = 0;
		};
/* End PBXSourcesBuildPhase section */

/* Begin PBXVariantGroup section */
		EC77193C241EEDF100C44EE0 /* LaunchScreen.storyboard */ = {
			isa = PBXVariantGroup;
			children = (
				EC77193D241EEDF100C44EE0 /* Base */,
			);
			name = LaunchScreen.storyboard;
			sourceTree = "<group>";
		};
/* End PBXVariantGroup section */

/* Begin XCBuildConfiguration section */
		EC771940241EEDF100C44EE0 /* Debug */ = {
			isa = XCBuildConfiguration;
			buildSettings = {
				ALWAYS_SEARCH_USER_PATHS = NO;
				CLANG_ANALYZER_NONNULL = YES;
				CLANG_ANALYZER_NUMBER_OBJECT_CONVERSION = YES_AGGRESSIVE;
				CLANG_CXX_LANGUAGE_STANDARD = "gnu++14";
				CLANG_CXX_LIBRARY = "libc++";
				CLANG_ENABLE_MODULES = YES;
				CLANG_ENABLE_OBJC_ARC = YES;
				CLANG_ENABLE_OBJC_WEAK = YES;
				CLANG_WARN_BLOCK_CAPTURE_AUTORELEASING = YES;
				CLANG_WARN_BOOL_CONVERSION = YES;
				CLANG_WARN_COMMA = YES;
				CLANG_WARN_CONSTANT_CONVERSION = YES;
				CLANG_WARN_DEPRECATED_OBJC_IMPLEMENTATIONS = YES;
				CLANG_WARN_DIRECT_OBJC_ISA_USAGE = YES_ERROR;
				CLANG_WARN_DOCUMENTATION_COMMENTS = YES;
				CLANG_WARN_EMPTY_BODY = YES;
				CLANG_WARN_ENUM_CONVERSION = YES;
				CLANG_WARN_INFINITE_RECURSION = YES;
				CLANG_WARN_INT_CONVERSION = YES;
				CLANG_WARN_NON_LITERAL_NULL_CONVERSION = YES;
				CLANG_WARN_OBJC_IMPLICIT_RETAIN_SELF = YES;
				CLANG_WARN_OBJC_LITERAL_CONVERSION = YES;
				CLANG_WARN_OBJC_ROOT_CLASS = YES_ERROR;
				CLANG_WARN_RANGE_LOOP_ANALYSIS = YES;
				CLANG_WARN_STRICT_PROTOTYPES = YES;
				CLANG_WARN_SUSPICIOUS_MOVE = YES;
				CLANG_WARN_UNGUARDED_AVAILABILITY = YES_AGGRESSIVE;
				CLANG_WARN_UNREACHABLE_CODE = YES;
				CLANG_WARN__DUPLICATE_METHOD_MATCH = YES;
				COPY_PHASE_STRIP = NO;
				DEBUG_INFORMATION_FORMAT = dwarf;
				ENABLE_STRICT_OBJC_MSGSEND = YES;
				ENABLE_TESTABILITY = YES;
				GCC_C_LANGUAGE_STANDARD = gnu11;
				GCC_DYNAMIC_NO_PIC = NO;
				GCC_NO_COMMON_BLOCKS = YES;
				GCC_OPTIMIZATION_LEVEL = 0;
				GCC_PREPROCESSOR_DEFINITIONS = (
					"DEBUG=1",
					"$(inherited)",
				);
				GCC_WARN_64_TO_32_BIT_CONVERSION = YES;
				GCC_WARN_ABOUT_RETURN_TYPE = YES_ERROR;
				GCC_WARN_UNDECLARED_SELECTOR = YES;
				GCC_WARN_UNINITIALIZED_AUTOS = YES_AGGRESSIVE;
				GCC_WARN_UNUSED_FUNCTION = YES;
				GCC_WARN_UNUSED_VARIABLE = YES;
				IPHONEOS_DEPLOYMENT_TARGET = 13.2;
				MTL_ENABLE_DEBUG_INFO = INCLUDE_SOURCE;
				MTL_FAST_MATH = YES;
				ONLY_ACTIVE_ARCH = YES;
				SDKROOT = iphoneos;
				SWIFT_ACTIVE_COMPILATION_CONDITIONS = DEBUG;
				SWIFT_OPTIMIZATION_LEVEL = "-Onone";
			};
			name = Debug;
		};
		EC771941241EEDF100C44EE0 /* Release */ = {
			isa = XCBuildConfiguration;
			buildSettings = {
				ALWAYS_SEARCH_USER_PATHS = NO;
				CLANG_ANALYZER_NONNULL = YES;
				CLANG_ANALYZER_NUMBER_OBJECT_CONVERSION = YES_AGGRESSIVE;
				CLANG_CXX_LANGUAGE_STANDARD = "gnu++14";
				CLANG_CXX_LIBRARY = "libc++";
				CLANG_ENABLE_MODULES = YES;
				CLANG_ENABLE_OBJC_ARC = YES;
				CLANG_ENABLE_OBJC_WEAK = YES;
				CLANG_WARN_BLOCK_CAPTURE_AUTORELEASING = YES;
				CLANG_WARN_BOOL_CONVERSION = YES;
				CLANG_WARN_COMMA = YES;
				CLANG_WARN_CONSTANT_CONVERSION = YES;
				CLANG_WARN_DEPRECATED_OBJC_IMPLEMENTATIONS = YES;
				CLANG_WARN_DIRECT_OBJC_ISA_USAGE = YES_ERROR;
				CLANG_WARN_DOCUMENTATION_COMMENTS = YES;
				CLANG_WARN_EMPTY_BODY = YES;
				CLANG_WARN_ENUM_CONVERSION = YES;
				CLANG_WARN_INFINITE_RECURSION = YES;
				CLANG_WARN_INT_CONVERSION = YES;
				CLANG_WARN_NON_LITERAL_NULL_CONVERSION = YES;
				CLANG_WARN_OBJC_IMPLICIT_RETAIN_SELF = YES;
				CLANG_WARN_OBJC_LITERAL_CONVERSION = YES;
				CLANG_WARN_OBJC_ROOT_CLASS = YES_ERROR;
				CLANG_WARN_RANGE_LOOP_ANALYSIS = YES;
				CLANG_WARN_STRICT_PROTOTYPES = YES;
				CLANG_WARN_SUSPICIOUS_MOVE = YES;
				CLANG_WARN_UNGUARDED_AVAILABILITY = YES_AGGRESSIVE;
				CLANG_WARN_UNREACHABLE_CODE = YES;
				CLANG_WARN__DUPLICATE_METHOD_MATCH = YES;
				COPY_PHASE_STRIP = NO;
				DEBUG_INFORMATION_FORMAT = "dwarf-with-dsym";
				ENABLE_NS_ASSERTIONS = NO;
				ENABLE_STRICT_OBJC_MSGSEND = YES;
				GCC_C_LANGUAGE_STANDARD = gnu11;
				GCC_NO_COMMON_BLOCKS = YES;
				GCC_WARN_64_TO_32_BIT_CONVERSION = YES;
				GCC_WARN_ABOUT_RETURN_TYPE = YES_ERROR;
				GCC_WARN_UNDECLARED_SELECTOR = YES;
				GCC_WARN_UNINITIALIZED_AUTOS = YES_AGGRESSIVE;
				GCC_WARN_UNUSED_FUNCTION = YES;
				GCC_WARN_UNUSED_VARIABLE = YES;
				IPHONEOS_DEPLOYMENT_TARGET = 13.2;
				MTL_ENABLE_DEBUG_INFO = NO;
				MTL_FAST_MATH = YES;
				SDKROOT = iphoneos;
				SWIFT_COMPILATION_MODE = wholemodule;
				SWIFT_OPTIMIZATION_LEVEL = "-O";
				VALIDATE_PRODUCT = YES;
			};
			name = Release;
		};
		EC771943241EEDF100C44EE0 /* Debug */ = {
			isa = XCBuildConfiguration;
			buildSettings = {
				ASSETCATALOG_COMPILER_APPICON_NAME = AppIcon;
				CODE_SIGN_STYLE = Automatic;
				DEVELOPMENT_ASSET_PATHS = "\"worldFlags/Preview Content\"";
				ENABLE_PREVIEWS = YES;
				INFOPLIST_FILE = worldFlags/Info.plist;
				LD_RUNPATH_SEARCH_PATHS = (
					"$(inherited)",
					"@executable_path/Frameworks",
				);
				PRODUCT_BUNDLE_IDENTIFIER = com.nothing.worldFlags;
				PRODUCT_NAME = "$(TARGET_NAME)";
				SWIFT_VERSION = 5.0;
				TARGETED_DEVICE_FAMILY = "1,2";
			};
			name = Debug;
		};
		EC771944241EEDF100C44EE0 /* Release */ = {
			isa = XCBuildConfiguration;
			buildSettings = {
				ASSETCATALOG_COMPILER_APPICON_NAME = AppIcon;
				CODE_SIGN_STYLE = Automatic;
				DEVELOPMENT_ASSET_PATHS = "\"worldFlags/Preview Content\"";
				ENABLE_PREVIEWS = YES;
				INFOPLIST_FILE = worldFlags/Info.plist;
				LD_RUNPATH_SEARCH_PATHS = (
					"$(inherited)",
					"@executable_path/Frameworks",
				);
				PRODUCT_BUNDLE_IDENTIFIER = com.nothing.worldFlags;
				PRODUCT_NAME = "$(TARGET_NAME)";
				SWIFT_VERSION = 5.0;
				TARGETED_DEVICE_FAMILY = "1,2";
			};
			name = Release;
		};
/* End XCBuildConfiguration section */

/* Begin XCConfigurationList section */
		EC771926241EEDEE00C44EE0 /* Build configuration list for PBXProject "worldFlags" */ = {
			isa = XCConfigurationList;
			buildConfigurations = (
				EC771940241EEDF100C44EE0 /* Debug */,
				EC771941241EEDF100C44EE0 /* Release */,
			);
			defaultConfigurationIsVisible = 0;
			defaultConfigurationName = Release;
		};
		EC771942241EEDF100C44EE0 /* Build configuration list for PBXNativeTarget "worldFlags" */ = {
			isa = XCConfigurationList;
			buildConfigurations = (
				EC771943241EEDF100C44EE0 /* Debug */,
				EC771944241EEDF100C44EE0 /* Release */,
			);
			defaultConfigurationIsVisible = 0;
			defaultConfigurationName = Release;
		};
/* End XCConfigurationList section */

/* Begin XCVersionGroup section */
		EC771932241EEDEE00C44EE0 /* worldFlags.xcdatamodeld */ = {
			isa = XCVersionGroup;
			children = (
				EC771933241EEDEE00C44EE0 /* worldFlags.xcdatamodel */,
			);
			currentVersion = EC771933241EEDEE00C44EE0 /* worldFlags.xcdatamodel */;
			path = worldFlags.xcdatamodeld;
			sourceTree = "<group>";
			versionGroupType = wrapper.xcdatamodel;
		};
/* End XCVersionGroup section */
	};
	rootObject = EC771923241EEDEE00C44EE0 /* Project object */;
}
